
Microsoft Visual Studio Solution File, Format Version 12.00
# Visual Studio Version 17
VisualStudioVersion = 17.9.34723.18
MinimumVisualStudioVersion = 10.0.40219.1
Project("{8BC9CEB8-8B4A-11D0-8D11-00A0C91BC942}") = "atividade06", "atividade06\atividade06.vcxproj", "{60F20D2D-04F9-4430-AB89-166DA96CF247}"
EndProject
Global
	GlobalSection(SolutionConfigurationPlatforms) = preSolution
		Debug|x64 = Debug|x64
		Debug|x86 = Debug|x86
		Release|x64 = Release|x64
		Release|x86 = Release|x86
	EndGlobalSection
	GlobalSection(ProjectConfigurationPlatforms) = postSolution
		{60F20D2D-04F9-4430-AB89-166DA96CF247}.Debug|x64.ActiveCfg = Debug|x64
		{60F20D2D-04F9-4430-AB89-166DA96CF247}.Debug|x64.Build.0 = Debug|x64
		{60F20D2D-04F9-4430-AB89-166DA96CF247}.Debug|x86.ActiveCfg = Debug|Win32
		{60F20D2D-04F9-4430-AB89-166DA96CF247}.Debug|x86.Build.0 = Debug|Win32
		{60F20D2D-04F9-4430-AB89-166DA96CF247}.Release|x64.ActiveCfg = Release|x64
		{60F20D2D-04F9-4430-AB89-166DA96CF247}.Release|x64.Build.0 = Release|x64
		{60F20D2D-04F9-4430-AB89-166DA96CF247}.Release|x86.ActiveCfg = Release|Win32
		{60F20D2D-04F9-4430-AB89-166DA96CF247}.Release|x86.Build.0 = Release|Win32
	EndGlobalSection
	GlobalSection(SolutionProperties) = preSolution
		HideSolutionNode = FALSE
	EndGlobalSection
	GlobalSection(ExtensibilityGlobals) = postSolution
		SolutionGuid = {2E9053CC-F74B-4B02-8749-CE75F3CFEC8B}
	EndGlobalSection
EndGlobal
